
Microsoft Visual Studio Solution File, Format Version 12.00
# Visual Studio Version 16
VisualStudioVersion = 16.0.30128.74
MinimumVisualStudioVersion = 10.0.40219.1
Project("{FAE04EC0-301F-11D3-BF4B-00C04F79EFBC}") = "WebApplication", "WebApplication\WebApplication.csproj", "{D642C6E3-2350-473D-997A-847AC6DAA47F}"
EndProject
Global
	GlobalSection(SolutionConfigurationPlatforms) = preSolution
		Debug|Any CPU = Debug|Any CPU
		Release|Any CPU = Release|Any CPU
	EndGlobalSection
	GlobalSection(ProjectConfigurationPlatforms) = postSolution
		{D642C6E3-2350-473D-997A-847AC6DAA47F}.Debug|Any CPU.ActiveCfg = Debug|Any CPU
		{D642C6E3-2350-473D-997A-847AC6DAA47F}.Debug|Any CPU.Build.0 = Debug|Any CPU
		{D642C6E3-2350-473D-997A-847AC6DAA47F}.Release|Any CPU.ActiveCfg = Release|Any CPU
		{D642C6E3-2350-473D-997A-847AC6DAA47F}.Release|Any CPU.Build.0 = Release|Any CPU
	EndGlobalSection
	GlobalSection(SolutionProperties) = preSolution
		HideSolutionNode = FALSE
	EndGlobalSection
	GlobalSection(ExtensibilityGlobals) = postSolution
		SolutionGuid = {6C7DE6C9-3E48-4E3B-907D-037E3DBC035D}
	EndGlobalSection
EndGlobal
